// !$*UTF8*$!
{
	archiveVersion = 1;
	classes = {
	};
	objectVersion = 56;
	objects = {

/* Begin PBXBuildFile section */
		6B14C5C02B99C2C800BBED30 /* HomeView.swift in Sources */ = {isa = PBXBuildFile; fileRef = 6B14C5BF2B99C2C800BBED30 /* HomeView.swift */; };
		6B14C5C22B99C2D700BBED30 /* HomeViewModel.swift in Sources */ = {isa = PBXBuildFile; fileRef = 6B14C5C12B99C2D600BBED30 /* HomeViewModel.swift */; };
		6B14C5C52B99CD1100BBED30 /* CircleButtonView.swift in Sources */ = {isa = PBXBuildFile; fileRef = 6B14C5C42B99CD1100BBED30 /* CircleButtonView.swift */; };
		6B1F48842BD6C3D60004345F /* CircleButtonAnimationView.swift in Sources */ = {isa = PBXBuildFile; fileRef = 6B1F48832BD6C3D60004345F /* CircleButtonAnimationView.swift */; };
		6B214C162C09995B008410D8 /* SearchBarView.swift in Sources */ = {isa = PBXBuildFile; fileRef = 6B214C152C09995B008410D8 /* SearchBarView.swift */; };
		6B28695F2BB1F34100CD4936 /* CoinsModel.swift in Sources */ = {isa = PBXBuildFile; fileRef = 6B28695E2BB1F34100CD4936 /* CoinsModel.swift */; };
		6B2ED5E92B729F0D00529A1F /* CrypticGeckoApp.swift in Sources */ = {isa = PBXBuildFile; fileRef = 6B2ED5E82B729F0D00529A1F /* CrypticGeckoApp.swift */; };
		6B2ED5EB2B729F0D00529A1F /* ContentView.swift in Sources */ = {isa = PBXBuildFile; fileRef = 6B2ED5EA2B729F0D00529A1F /* ContentView.swift */; };
		6B2ED5ED2B729F0E00529A1F /* Assets.xcassets in Resources */ = {isa = PBXBuildFile; fileRef = 6B2ED5EC2B729F0E00529A1F /* Assets.xcassets */; };
		6B2ED5F02B729F0E00529A1F /* Preview Assets.xcassets in Resources */ = {isa = PBXBuildFile; fileRef = 6B2ED5EF2B729F0E00529A1F /* Preview Assets.xcassets */; };
		6B387A682C04608E00B3D958 /* LocalFileManager.swift in Sources */ = {isa = PBXBuildFile; fileRef = 6B387A672C04608E00B3D958 /* LocalFileManager.swift */; };
		6B6A91CC2BC44848000EFD0F /* CoinsRowView.swift in Sources */ = {isa = PBXBuildFile; fileRef = 6B6A91CB2BC44848000EFD0F /* CoinsRowView.swift */; };
		6B6A91CE2BC44D8B000EFD0F /* PreviewProvider.swift in Sources */ = {isa = PBXBuildFile; fileRef = 6B6A91CD2BC44D8B000EFD0F /* PreviewProvider.swift */; };
		6B6A91D02BC45A72000EFD0F /* Double.swift in Sources */ = {isa = PBXBuildFile; fileRef = 6B6A91CF2BC45A72000EFD0F /* Double.swift */; };
		6B7A90562BE7F3390074B13C /* NetworkingManager.swift in Sources */ = {isa = PBXBuildFile; fileRef = 6B7A90552BE7F3390074B13C /* NetworkingManager.swift */; };
		6B96B5742BF241DC001B0128 /* CoinImageView.swift in Sources */ = {isa = PBXBuildFile; fileRef = 6B96B5732BF241DC001B0128 /* CoinImageView.swift */; };
		6B96B5792BF25EBA001B0128 /* CoinImageService.swift in Sources */ = {isa = PBXBuildFile; fileRef = 6B96B5782BF25EBA001B0128 /* CoinImageService.swift */; };
		6B96B57B2BF26544001B0128 /* CoinImageViewModel.swift in Sources */ = {isa = PBXBuildFile; fileRef = 6B96B57A2BF26544001B0128 /* CoinImageViewModel.swift */; };
		6B9F9E892BE524BA00BD1DBF /* CoinDataService.swift in Sources */ = {isa = PBXBuildFile; fileRef = 6B9F9E882BE524BA00BD1DBF /* CoinDataService.swift */; };
		6BA1E6222BF723E6000E22BF /* README.md in Resources */ = {isa = PBXBuildFile; fileRef = 6BA1E6212BF723E6000E22BF /* README.md */; };
		6BF46CA92B827BFE0097DF37 /* Color.swift in Sources */ = {isa = PBXBuildFile; fileRef = 6BF46CA82B827BFE0097DF37 /* Color.swift */; };
/* End PBXBuildFile section */

/* Begin PBXFileReference section */
		6B14C5BF2B99C2C800BBED30 /* HomeView.swift */ = {isa = PBXFileReference; lastKnownFileType = sourcecode.swift; path = HomeView.swift; sourceTree = "<group>"; };
		6B14C5C12B99C2D600BBED30 /* HomeViewModel.swift */ = {isa = PBXFileReference; lastKnownFileType = sourcecode.swift; path = HomeViewModel.swift; sourceTree = "<group>"; };
		6B14C5C42B99CD1100BBED30 /* CircleButtonView.swift */ = {isa = PBXFileReference; lastKnownFileType = sourcecode.swift; path = CircleButtonView.swift; sourceTree = "<group>"; };
		6B1F48832BD6C3D60004345F /* CircleButtonAnimationView.swift */ = {isa = PBXFileReference; lastKnownFileType = sourcecode.swift; path = CircleButtonAnimationView.swift; sourceTree = "<group>"; };
		6B214C152C09995B008410D8 /* SearchBarView.swift */ = {isa = PBXFileReference; lastKnownFileType = sourcecode.swift; path = SearchBarView.swift; sourceTree = "<group>"; };
		6B28695E2BB1F34100CD4936 /* CoinsModel.swift */ = {isa = PBXFileReference; lastKnownFileType = sourcecode.swift; path = CoinsModel.swift; sourceTree = "<group>"; };
		6B2ED5E52B729F0D00529A1F /* CrypticGecko.app */ = {isa = PBXFileReference; explicitFileType = wrapper.application; includeInIndex = 0; path = CrypticGecko.app; sourceTree = BUILT_PRODUCTS_DIR; };
		6B2ED5E82B729F0D00529A1F /* CrypticGeckoApp.swift */ = {isa = PBXFileReference; lastKnownFileType = sourcecode.swift; path = CrypticGeckoApp.swift; sourceTree = "<group>"; };
		6B2ED5EA2B729F0D00529A1F /* ContentView.swift */ = {isa = PBXFileReference; lastKnownFileType = sourcecode.swift; path = ContentView.swift; sourceTree = "<group>"; };
		6B2ED5EC2B729F0E00529A1F /* Assets.xcassets */ = {isa = PBXFileReference; lastKnownFileType = folder.assetcatalog; path = Assets.xcassets; sourceTree = "<group>"; };
		6B2ED5EF2B729F0E00529A1F /* Preview Assets.xcassets */ = {isa = PBXFileReference; lastKnownFileType = folder.assetcatalog; path = "Preview Assets.xcassets"; sourceTree = "<group>"; };
		6B387A672C04608E00B3D958 /* LocalFileManager.swift */ = {isa = PBXFileReference; lastKnownFileType = sourcecode.swift; path = LocalFileManager.swift; sourceTree = "<group>"; };
		6B6A91CB2BC44848000EFD0F /* CoinsRowView.swift */ = {isa = PBXFileReference; lastKnownFileType = sourcecode.swift; path = CoinsRowView.swift; sourceTree = "<group>"; };
		6B6A91CD2BC44D8B000EFD0F /* PreviewProvider.swift */ = {isa = PBXFileReference; lastKnownFileType = sourcecode.swift; path = PreviewProvider.swift; sourceTree = "<group>"; };
		6B6A91CF2BC45A72000EFD0F /* Double.swift */ = {isa = PBXFileReference; lastKnownFileType = sourcecode.swift; path = Double.swift; sourceTree = "<group>"; };
		6B7A90552BE7F3390074B13C /* NetworkingManager.swift */ = {isa = PBXFileReference; lastKnownFileType = sourcecode.swift; path = NetworkingManager.swift; sourceTree = "<group>"; };
		6B96B5732BF241DC001B0128 /* CoinImageView.swift */ = {isa = PBXFileReference; lastKnownFileType = sourcecode.swift; path = CoinImageView.swift; sourceTree = "<group>"; };
		6B96B5782BF25EBA001B0128 /* CoinImageService.swift */ = {isa = PBXFileReference; lastKnownFileType = sourcecode.swift; path = CoinImageService.swift; sourceTree = "<group>"; };
		6B96B57A2BF26544001B0128 /* CoinImageViewModel.swift */ = {isa = PBXFileReference; lastKnownFileType = sourcecode.swift; path = CoinImageViewModel.swift; sourceTree = "<group>"; };
		6B9F9E882BE524BA00BD1DBF /* CoinDataService.swift */ = {isa = PBXFileReference; lastKnownFileType = sourcecode.swift; path = CoinDataService.swift; sourceTree = "<group>"; };
		6BA1E6212BF723E6000E22BF /* README.md */ = {isa = PBXFileReference; fileEncoding = 4; lastKnownFileType = net.daringfireball.markdown; path = README.md; sourceTree = "<group>"; };
		6BF46CA82B827BFE0097DF37 /* Color.swift */ = {isa = PBXFileReference; lastKnownFileType = sourcecode.swift; path = Color.swift; sourceTree = "<group>"; };
/* End PBXFileReference section */

/* Begin PBXFrameworksBuildPhase section */
		6B2ED5E22B729F0D00529A1F /* Frameworks */ = {
			isa = PBXFrameworksBuildPhase;
			buildActionMask = 2147483647;
			files = (
			);
			runOnlyForDeploymentPostprocessing = 0;
		};
/* End PBXFrameworksBuildPhase section */

/* Begin PBXGroup section */
		6B14C5BE2B99C2B600BBED30 /* Home */ = {
			isa = PBXGroup;
			children = (
				6B8CF1802BCD6B49002B8229 /* ViewModels */,
				6B8CF17F2BCD6B3F002B8229 /* Views */,
			);
			path = Home;
			sourceTree = "<group>";
		};
		6B14C5C32B99CCEF00BBED30 /* CircleButton */ = {
			isa = PBXGroup;
			children = (
				6B14C5C42B99CD1100BBED30 /* CircleButtonView.swift */,
				6B1F48832BD6C3D60004345F /* CircleButtonAnimationView.swift */,
				6B96B5732BF241DC001B0128 /* CoinImageView.swift */,
			);
			path = CircleButton;
			sourceTree = "<group>";
		};
		6B214C142C099946008410D8 /* SearchBar */ = {
			isa = PBXGroup;
			children = (
				6B214C152C09995B008410D8 /* SearchBarView.swift */,
			);
			path = SearchBar;
			sourceTree = "<group>";
		};
		6B2326B02BAED2C8003E6CFE /* Models */ = {
			isa = PBXGroup;
			children = (
				6B28695E2BB1F34100CD4936 /* CoinsModel.swift */,
			);
			path = Models;
			sourceTree = "<group>";
		};
		6B2ED5DC2B729F0D00529A1F = {
			isa = PBXGroup;
			children = (
				6BA1E6212BF723E6000E22BF /* README.md */,
				6B7A90542BE7F31E0074B13C /* Utilities */,
				6B8CF17E2BCD6B0E002B8229 /* Core */,
				6B2326B02BAED2C8003E6CFE /* Models */,
				6BF46CA72B827BC70097DF37 /* Extensions */,
				6B9F9E872BE524A000BD1DBF /* Services */,
				6B2ED5E72B729F0D00529A1F /* CrypticGecko */,
				6B2ED5E62B729F0D00529A1F /* Products */,
			);
			sourceTree = "<group>";
		};
		6B2ED5E62B729F0D00529A1F /* Products */ = {
			isa = PBXGroup;
			children = (
				6B2ED5E52B729F0D00529A1F /* CrypticGecko.app */,
			);
			name = Products;
			sourceTree = "<group>";
		};
		6B2ED5E72B729F0D00529A1F /* CrypticGecko */ = {
			isa = PBXGroup;
			children = (
				6B2ED5E82B729F0D00529A1F /* CrypticGeckoApp.swift */,
				6B2ED5EA2B729F0D00529A1F /* ContentView.swift */,
				6B2ED5EC2B729F0E00529A1F /* Assets.xcassets */,
				6B2ED5EE2B729F0E00529A1F /* Preview Content */,
			);
			path = CrypticGecko;
			sourceTree = "<group>";
		};
		6B2ED5EE2B729F0E00529A1F /* Preview Content */ = {
			isa = PBXGroup;
			children = (
				6B2ED5EF2B729F0E00529A1F /* Preview Assets.xcassets */,
			);
			path = "Preview Content";
			sourceTree = "<group>";
		};
		6B7A90542BE7F31E0074B13C /* Utilities */ = {
			isa = PBXGroup;
			children = (
				6B7A90552BE7F3390074B13C /* NetworkingManager.swift */,
				6B387A672C04608E00B3D958 /* LocalFileManager.swift */,
			);
			path = Utilities;
			sourceTree = "<group>";
		};
		6B8CF17E2BCD6B0E002B8229 /* Core */ = {
			isa = PBXGroup;
			children = (
				6B8CF1812BCD6B71002B8229 /* Components */,
				6B14C5BE2B99C2B600BBED30 /* Home */,
			);
			path = Core;
			sourceTree = "<group>";
		};
		6B8CF17F2BCD6B3F002B8229 /* Views */ = {
			isa = PBXGroup;
			children = (
				6B6A91CB2BC44848000EFD0F /* CoinsRowView.swift */,
				6B14C5BF2B99C2C800BBED30 /* HomeView.swift */,
			);
			path = Views;
			sourceTree = "<group>";
		};
		6B8CF1802BCD6B49002B8229 /* ViewModels */ = {
			isa = PBXGroup;
			children = (
				6B14C5C12B99C2D600BBED30 /* HomeViewModel.swift */,
				6B96B57A2BF26544001B0128 /* CoinImageViewModel.swift */,
			);
			path = ViewModels;
			sourceTree = "<group>";
		};
		6B8CF1812BCD6B71002B8229 /* Components */ = {
			isa = PBXGroup;
			children = (
				6B214C142C099946008410D8 /* SearchBar */,
				6B14C5C32B99CCEF00BBED30 /* CircleButton */,
			);
			path = Components;
			sourceTree = "<group>";
		};
		6B9F9E872BE524A000BD1DBF /* Services */ = {
			isa = PBXGroup;
			children = (
				6B9F9E882BE524BA00BD1DBF /* CoinDataService.swift */,
				6B96B5782BF25EBA001B0128 /* CoinImageService.swift */,
			);
			path = Services;
			sourceTree = "<group>";
		};
		6BF46CA72B827BC70097DF37 /* Extensions */ = {
			isa = PBXGroup;
			children = (
				6BF46CA82B827BFE0097DF37 /* Color.swift */,
				6B6A91CD2BC44D8B000EFD0F /* PreviewProvider.swift */,
				6B6A91CF2BC45A72000EFD0F /* Double.swift */,
			);
			path = Extensions;
			sourceTree = "<group>";
		};
/* End PBXGroup section */

/* Begin PBXNativeTarget section */
		6B2ED5E42B729F0D00529A1F /* CrypticGecko */ = {
			isa = PBXNativeTarget;
			buildConfigurationList = 6B2ED5F32B729F0E00529A1F /* Build configuration list for PBXNativeTarget "CrypticGecko" */;
			buildPhases = (
				6B2ED5E12B729F0D00529A1F /* Sources */,
				6B2ED5E22B729F0D00529A1F /* Frameworks */,
				6B2ED5E32B729F0D00529A1F /* Resources */,
			);
			buildRules = (
			);
			dependencies = (
			);
			name = CrypticGecko;
			productName = CrypticGecko;
			productReference = 6B2ED5E52B729F0D00529A1F /* CrypticGecko.app */;
			productType = "com.apple.product-type.application";
		};
/* End PBXNativeTarget section */

/* Begin PBXProject section */
		6B2ED5DD2B729F0D00529A1F /* Project object */ = {
			isa = PBXProject;
			attributes = {
				BuildIndependentTargetsInParallel = 1;
				LastSwiftUpdateCheck = 1520;
				LastUpgradeCheck = 1520;
				TargetAttributes = {
					6B2ED5E42B729F0D00529A1F = {
						CreatedOnToolsVersion = 15.2;
					};
				};
			};
			buildConfigurationList = 6B2ED5E02B729F0D00529A1F /* Build configuration list for PBXProject "CrypticGecko" */;
			compatibilityVersion = "Xcode 14.0";
			developmentRegion = en;
			hasScannedForEncodings = 0;
			knownRegions = (
				en,
				Base,
			);
			mainGroup = 6B2ED5DC2B729F0D00529A1F;
			productRefGroup = 6B2ED5E62B729F0D00529A1F /* Products */;
			projectDirPath = "";
			projectRoot = "";
			targets = (
				6B2ED5E42B729F0D00529A1F /* CrypticGecko */,
			);
		};
/* End PBXProject section */

/* Begin PBXResourcesBuildPhase section */
		6B2ED5E32B729F0D00529A1F /* Resources */ = {
			isa = PBXResourcesBuildPhase;
			buildActionMask = 2147483647;
			files = (
				6BA1E6222BF723E6000E22BF /* README.md in Resources */,
				6B2ED5F02B729F0E00529A1F /* Preview Assets.xcassets in Resources */,
				6B2ED5ED2B729F0E00529A1F /* Assets.xcassets in Resources */,
			);
			runOnlyForDeploymentPostprocessing = 0;
		};
/* End PBXResourcesBuildPhase section */

/* Begin PBXSourcesBuildPhase section */
		6B2ED5E12B729F0D00529A1F /* Sources */ = {
			isa = PBXSourcesBuildPhase;
			buildActionMask = 2147483647;
			files = (
				6B28695F2BB1F34100CD4936 /* CoinsModel.swift in Sources */,
				6B2ED5EB2B729F0D00529A1F /* ContentView.swift in Sources */,
				6B14C5C02B99C2C800BBED30 /* HomeView.swift in Sources */,
				6B96B5742BF241DC001B0128 /* CoinImageView.swift in Sources */,
				6B387A682C04608E00B3D958 /* LocalFileManager.swift in Sources */,
				6B2ED5E92B729F0D00529A1F /* CrypticGeckoApp.swift in Sources */,
				6B6A91CC2BC44848000EFD0F /* CoinsRowView.swift in Sources */,
				6B9F9E892BE524BA00BD1DBF /* CoinDataService.swift in Sources */,
				6B14C5C52B99CD1100BBED30 /* CircleButtonView.swift in Sources */,
				6B14C5C22B99C2D700BBED30 /* HomeViewModel.swift in Sources */,
				6B214C162C09995B008410D8 /* SearchBarView.swift in Sources */,
				6B6A91CE2BC44D8B000EFD0F /* PreviewProvider.swift in Sources */,
				6B6A91D02BC45A72000EFD0F /* Double.swift in Sources */,
				6B96B57B2BF26544001B0128 /* CoinImageViewModel.swift in Sources */,
				6BF46CA92B827BFE0097DF37 /* Color.swift in Sources */,
				6B1F48842BD6C3D60004345F /* CircleButtonAnimationView.swift in Sources */,
				6B96B5792BF25EBA001B0128 /* CoinImageService.swift in Sources */,
				6B7A90562BE7F3390074B13C /* NetworkingManager.swift in Sources */,
			);
			runOnlyForDeploymentPostprocessing = 0;
		};
/* End PBXSourcesBuildPhase section */

/* Begin XCBuildConfiguration section */
		6B2ED5F12B729F0E00529A1F /* Debug */ = {
			isa = XCBuildConfiguration;
			buildSettings = {
				ALWAYS_SEARCH_USER_PATHS = NO;
				ASSETCATALOG_COMPILER_GENERATE_SWIFT_ASSET_SYMBOL_EXTENSIONS = YES;
				CLANG_ANALYZER_NONNULL = YES;
				CLANG_ANALYZER_NUMBER_OBJECT_CONVERSION = YES_AGGRESSIVE;
				CLANG_CXX_LANGUAGE_STANDARD = "gnu++20";
				CLANG_ENABLE_MODULES = YES;
				CLANG_ENABLE_OBJC_ARC = YES;
				CLANG_ENABLE_OBJC_WEAK = YES;
				CLANG_WARN_BLOCK_CAPTURE_AUTORELEASING = YES;
				CLANG_WARN_BOOL_CONVERSION = YES;
				CLANG_WARN_COMMA = YES;
				CLANG_WARN_CONSTANT_CONVERSION = YES;
				CLANG_WARN_DEPRECATED_OBJC_IMPLEMENTATIONS = YES;
				CLANG_WARN_DIRECT_OBJC_ISA_USAGE = YES_ERROR;
				CLANG_WARN_DOCUMENTATION_COMMENTS = YES;
				CLANG_WARN_EMPTY_BODY = YES;
				CLANG_WARN_ENUM_CONVERSION = YES;
				CLANG_WARN_INFINITE_RECURSION = YES;
				CLANG_WARN_INT_CONVERSION = YES;
				CLANG_WARN_NON_LITERAL_NULL_CONVERSION = YES;
				CLANG_WARN_OBJC_IMPLICIT_RETAIN_SELF = YES;
				CLANG_WARN_OBJC_LITERAL_CONVERSION = YES;
				CLANG_WARN_OBJC_ROOT_CLASS = YES_ERROR;
				CLANG_WARN_QUOTED_INCLUDE_IN_FRAMEWORK_HEADER = YES;
				CLANG_WARN_RANGE_LOOP_ANALYSIS = YES;
				CLANG_WARN_STRICT_PROTOTYPES = YES;
				CLANG_WARN_SUSPICIOUS_MOVE = YES;
				CLANG_WARN_UNGUARDED_AVAILABILITY = YES_AGGRESSIVE;
				CLANG_WARN_UNREACHABLE_CODE = YES;
				CLANG_WARN__DUPLICATE_METHOD_MATCH = YES;
				COPY_PHASE_STRIP = NO;
				DEBUG_INFORMATION_FORMAT = dwarf;
				ENABLE_STRICT_OBJC_MSGSEND = YES;
				ENABLE_TESTABILITY = YES;
				ENABLE_USER_SCRIPT_SANDBOXING = YES;
				GCC_C_LANGUAGE_STANDARD = gnu17;
				GCC_DYNAMIC_NO_PIC = NO;
				GCC_NO_COMMON_BLOCKS = YES;
				GCC_OPTIMIZATION_LEVEL = 0;
				GCC_PREPROCESSOR_DEFINITIONS = (
					"DEBUG=1",
					"$(inherited)",
				);
				GCC_WARN_64_TO_32_BIT_CONVERSION = YES;
				GCC_WARN_ABOUT_RETURN_TYPE = YES_ERROR;
				GCC_WARN_UNDECLARED_SELECTOR = YES;
				GCC_WARN_UNINITIALIZED_AUTOS = YES_AGGRESSIVE;
				GCC_WARN_UNUSED_FUNCTION = YES;
				GCC_WARN_UNUSED_VARIABLE = YES;
				IPHONEOS_DEPLOYMENT_TARGET = 17.2;
				LOCALIZATION_PREFERS_STRING_CATALOGS = YES;
				MTL_ENABLE_DEBUG_INFO = INCLUDE_SOURCE;
				MTL_FAST_MATH = YES;
				ONLY_ACTIVE_ARCH = YES;
				SDKROOT = iphoneos;
				SWIFT_ACTIVE_COMPILATION_CONDITIONS = "DEBUG $(inherited)";
				SWIFT_OPTIMIZATION_LEVEL = "-Onone";
			};
			name = Debug;
		};
		6B2ED5F22B729F0E00529A1F /* Release */ = {
			isa = XCBuildConfiguration;
			buildSettings = {
				ALWAYS_SEARCH_USER_PATHS = NO;
				ASSETCATALOG_COMPILER_GENERATE_SWIFT_ASSET_SYMBOL_EXTENSIONS = YES;
				CLANG_ANALYZER_NONNULL = YES;
				CLANG_ANALYZER_NUMBER_OBJECT_CONVERSION = YES_AGGRESSIVE;
				CLANG_CXX_LANGUAGE_STANDARD = "gnu++20";
				CLANG_ENABLE_MODULES = YES;
				CLANG_ENABLE_OBJC_ARC = YES;
				CLANG_ENABLE_OBJC_WEAK = YES;
				CLANG_WARN_BLOCK_CAPTURE_AUTORELEASING = YES;
				CLANG_WARN_BOOL_CONVERSION = YES;
				CLANG_WARN_COMMA = YES;
				CLANG_WARN_CONSTANT_CONVERSION = YES;
				CLANG_WARN_DEPRECATED_OBJC_IMPLEMENTATIONS = YES;
				CLANG_WARN_DIRECT_OBJC_ISA_USAGE = YES_ERROR;
				CLANG_WARN_DOCUMENTATION_COMMENTS = YES;
				CLANG_WARN_EMPTY_BODY = YES;
				CLANG_WARN_ENUM_CONVERSION = YES;
				CLANG_WARN_INFINITE_RECURSION = YES;
				CLANG_WARN_INT_CONVERSION = YES;
				CLANG_WARN_NON_LITERAL_NULL_CONVERSION = YES;
				CLANG_WARN_OBJC_IMPLICIT_RETAIN_SELF = YES;
				CLANG_WARN_OBJC_LITERAL_CONVERSION = YES;
				CLANG_WARN_OBJC_ROOT_CLASS = YES_ERROR;
				CLANG_WARN_QUOTED_INCLUDE_IN_FRAMEWORK_HEADER = YES;
				CLANG_WARN_RANGE_LOOP_ANALYSIS = YES;
				CLANG_WARN_STRICT_PROTOTYPES = YES;
				CLANG_WARN_SUSPICIOUS_MOVE = YES;
				CLANG_WARN_UNGUARDED_AVAILABILITY = YES_AGGRESSIVE;
				CLANG_WARN_UNREACHABLE_CODE = YES;
				CLANG_WARN__DUPLICATE_METHOD_MATCH = YES;
				COPY_PHASE_STRIP = NO;
				DEBUG_INFORMATION_FORMAT = "dwarf-with-dsym";
				ENABLE_NS_ASSERTIONS = NO;
				ENABLE_STRICT_OBJC_MSGSEND = YES;
				ENABLE_USER_SCRIPT_SANDBOXING = YES;
				GCC_C_LANGUAGE_STANDARD = gnu17;
				GCC_NO_COMMON_BLOCKS = YES;
				GCC_WARN_64_TO_32_BIT_CONVERSION = YES;
				GCC_WARN_ABOUT_RETURN_TYPE = YES_ERROR;
				GCC_WARN_UNDECLARED_SELECTOR = YES;
				GCC_WARN_UNINITIALIZED_AUTOS = YES_AGGRESSIVE;
				GCC_WARN_UNUSED_FUNCTION = YES;
				GCC_WARN_UNUSED_VARIABLE = YES;
				IPHONEOS_DEPLOYMENT_TARGET = 17.2;
				LOCALIZATION_PREFERS_STRING_CATALOGS = YES;
				MTL_ENABLE_DEBUG_INFO = NO;
				MTL_FAST_MATH = YES;
				SDKROOT = iphoneos;
				SWIFT_COMPILATION_MODE = wholemodule;
				VALIDATE_PRODUCT = YES;
			};
			name = Release;
		};
		6B2ED5F42B729F0E00529A1F /* Debug */ = {
			isa = XCBuildConfiguration;
			buildSettings = {
				ASSETCATALOG_COMPILER_APPICON_NAME = AppIcon;
				ASSETCATALOG_COMPILER_GLOBAL_ACCENT_COLOR_NAME = AccentColor;
				CODE_SIGN_STYLE = Automatic;
				CURRENT_PROJECT_VERSION = 1;
				DEVELOPMENT_ASSET_PATHS = "\"CrypticGecko/Preview Content\"";
				DEVELOPMENT_TEAM = N32UTQH7S4;
				ENABLE_PREVIEWS = YES;
				GENERATE_INFOPLIST_FILE = YES;
				INFOPLIST_KEY_CFBundleDisplayName = CrypticGecko;
				INFOPLIST_KEY_LSApplicationCategoryType = "public.app-category.finance";
				INFOPLIST_KEY_UIApplicationSceneManifest_Generation = YES;
				INFOPLIST_KEY_UIApplicationSupportsIndirectInputEvents = YES;
				INFOPLIST_KEY_UILaunchScreen_Generation = YES;
				INFOPLIST_KEY_UISupportedInterfaceOrientations_iPad = "UIInterfaceOrientationPortrait UIInterfaceOrientationPortraitUpsideDown UIInterfaceOrientationLandscapeLeft UIInterfaceOrientationLandscapeRight";
				INFOPLIST_KEY_UISupportedInterfaceOrientations_iPhone = "UIInterfaceOrientationPortrait UIInterfaceOrientationLandscapeLeft UIInterfaceOrientationLandscapeRight";
				LD_RUNPATH_SEARCH_PATHS = (
					"$(inherited)",
					"@executable_path/Frameworks",
				);
				MARKETING_VERSION = 1.0;
				PRODUCT_BUNDLE_IDENTIFIER = com.maziarlayeghkar.CrypticGecko;
				PRODUCT_NAME = "$(TARGET_NAME)";
				SWIFT_EMIT_LOC_STRINGS = YES;
				SWIFT_VERSION = 5.0;
				TARGETED_DEVICE_FAMILY = "1,2";
			};
			name = Debug;
		};
		6B2ED5F52B729F0E00529A1F /* Release */ = {
			isa = XCBuildConfiguration;
			buildSettings = {
				ASSETCATALOG_COMPILER_APPICON_NAME = AppIcon;
				ASSETCATALOG_COMPILER_GLOBAL_ACCENT_COLOR_NAME = AccentColor;
				CODE_SIGN_STYLE = Automatic;
				CURRENT_PROJECT_VERSION = 1;
				DEVELOPMENT_ASSET_PATHS = "\"CrypticGecko/Preview Content\"";
				DEVELOPMENT_TEAM = N32UTQH7S4;
				ENABLE_PREVIEWS = YES;
				GENERATE_INFOPLIST_FILE = YES;
				INFOPLIST_KEY_CFBundleDisplayName = CrypticGecko;
				INFOPLIST_KEY_LSApplicationCategoryType = "public.app-category.finance";
				INFOPLIST_KEY_UIApplicationSceneManifest_Generation = YES;
				INFOPLIST_KEY_UIApplicationSupportsIndirectInputEvents = YES;
				INFOPLIST_KEY_UILaunchScreen_Generation = YES;
				INFOPLIST_KEY_UISupportedInterfaceOrientations_iPad = "UIInterfaceOrientationPortrait UIInterfaceOrientationPortraitUpsideDown UIInterfaceOrientationLandscapeLeft UIInterfaceOrientationLandscapeRight";
				INFOPLIST_KEY_UISupportedInterfaceOrientations_iPhone = "UIInterfaceOrientationPortrait UIInterfaceOrientationLandscapeLeft UIInterfaceOrientationLandscapeRight";
				LD_RUNPATH_SEARCH_PATHS = (
					"$(inherited)",
					"@executable_path/Frameworks",
				);
				MARKETING_VERSION = 1.0;
				PRODUCT_BUNDLE_IDENTIFIER = com.maziarlayeghkar.CrypticGecko;
				PRODUCT_NAME = "$(TARGET_NAME)";
				SWIFT_EMIT_LOC_STRINGS = YES;
				SWIFT_VERSION = 5.0;
				TARGETED_DEVICE_FAMILY = "1,2";
			};
			name = Release;
		};
/* End XCBuildConfiguration section */

/* Begin XCConfigurationList section */
		6B2ED5E02B729F0D00529A1F /* Build configuration list for PBXProject "CrypticGecko" */ = {
			isa = XCConfigurationList;
			buildConfigurations = (
				6B2ED5F12B729F0E00529A1F /* Debug */,
				6B2ED5F22B729F0E00529A1F /* Release */,
			);
			defaultConfigurationIsVisible = 0;
			defaultConfigurationName = Release;
		};
		6B2ED5F32B729F0E00529A1F /* Build configuration list for PBXNativeTarget "CrypticGecko" */ = {
			isa = XCConfigurationList;
			buildConfigurations = (
				6B2ED5F42B729F0E00529A1F /* Debug */,
				6B2ED5F52B729F0E00529A1F /* Release */,
			);
			defaultConfigurationIsVisible = 0;
			defaultConfigurationName = Release;
		};
/* End XCConfigurationList section */
	};
	rootObject = 6B2ED5DD2B729F0D00529A1F /* Project object */;
}
